
Microsoft Visual Studio Solution File, Format Version 12.00
# Visual Studio Version 17
VisualStudioVersion = 17.14.37203.1 d17.14
MinimumVisualStudioVersion = 10.0.40219.1
Project("{FAE04EC0-301F-11D3-BF4B-00C04F79EFBC}") = "StardewAudioDeviceRefresh", "StardewAudioRefresh\StardewAudioDeviceRefresh.csproj", "{BC172423-CF0F-4F45-92ED-C8A5F161FD7B}"
EndProject
Global
	GlobalSection(SolutionConfigurationPlatforms) = preSolution
		Debug|Any CPU = Debug|Any CPU
		Release|Any CPU = Release|Any CPU
	EndGlobalSection
	GlobalSection(ProjectConfigurationPlatforms) = postSolution
		{BC172423-CF0F-4F45-92ED-C8A5F161FD7B}.Debug|Any CPU.ActiveCfg = Debug|Any CPU
		{BC172423-CF0F-4F45-92ED-C8A5F161FD7B}.Debug|Any CPU.Build.0 = Debug|Any CPU
		{BC172423-CF0F-4F45-92ED-C8A5F161FD7B}.Release|Any CPU.ActiveCfg = Release|Any CPU
		{BC172423-CF0F-4F45-92ED-C8A5F161FD7B}.Release|Any CPU.Build.0 = Release|Any CPU
	EndGlobalSection
	GlobalSection(SolutionProperties) = preSolution
		HideSolutionNode = FALSE
	EndGlobalSection
	GlobalSection(ExtensibilityGlobals) = postSolution
		SolutionGuid = {9068B945-7B2A-4369-B77D-BA4550CA9E89}
	EndGlobalSection
EndGlobal
